
Microsoft Visual Studio Solution File, Format Version 12.00
# Visual Studio Version 17
VisualStudioVersion = 17.12.35527.113 d17.12
MinimumVisualStudioVersion = 10.0.40219.1
Project("{FAE04EC0-301F-11D3-BF4B-00C04F79EFBC}") = "OTOSOLVE.UI", "OTOSOLVE.UI\OTOSOLVE.UI.csproj", "{96F7EF28-8CF3-4DE8-819A-7FF0BB2D63A2}"
EndProject
Global
	GlobalSection(SolutionConfigurationPlatforms) = preSolution
		Debug|Any CPU = Debug|Any CPU
		Release|Any CPU = Release|Any CPU
	EndGlobalSection
	GlobalSection(ProjectConfigurationPlatforms) = postSolution
		{96F7EF28-8CF3-4DE8-819A-7FF0BB2D63A2}.Debug|Any CPU.ActiveCfg = Debug|Any CPU
		{96F7EF28-8CF3-4DE8-819A-7FF0BB2D63A2}.Debug|Any CPU.Build.0 = Debug|Any CPU
		{96F7EF28-8CF3-4DE8-819A-7FF0BB2D63A2}.Release|Any CPU.ActiveCfg = Release|Any CPU
		{96F7EF28-8CF3-4DE8-819A-7FF0BB2D63A2}.Release|Any CPU.Build.0 = Release|Any CPU
	EndGlobalSection
	GlobalSection(SolutionProperties) = preSolution
		HideSolutionNode = FALSE
	EndGlobalSection
EndGlobal
